// !$*UTF8*$!
{
	archiveVersion = 1;
	classes = {
	};
	objectVersion = 56;
	objects = {

/* Begin PBXBuildFile section */
		144151422D7BCBA000ACE311 /* FirebaseDatabase in Frameworks */ = {isa = PBXBuildFile; productRef = 144151412D7BCBA000ACE311 /* FirebaseDatabase */; };
		144151442D7BCBA000ACE311 /* FirebaseFirestore in Frameworks */ = {isa = PBXBuildFile; productRef = 144151432D7BCBA000ACE311 /* FirebaseFirestore */; };
		144151482D7D35A900ACE311 /* Quake_alert.swift in Sources */ = {isa = PBXBuildFile; fileRef = 144151472D7D35A900ACE311 /* Quake_alert.swift */; };
		1441514A2D8889F300ACE311 /* GoogleService-Info.plist in Resources */ = {isa = PBXBuildFile; fileRef = 144151492D8889F300ACE311 /* GoogleService-Info.plist */; };
		144151722D89C86D00ACE311 /* FirebaseAnalytics in Frameworks */ = {isa = PBXBuildFile; productRef = 144151712D89C86D00ACE311 /* FirebaseAnalytics */; };
		144151742D89C86D00ACE311 /* FirebaseAnalyticsOnDeviceConversion in Frameworks */ = {isa = PBXBuildFile; productRef = 144151732D89C86D00ACE311 /* FirebaseAnalyticsOnDeviceConversion */; };
		144151762D89C86D00ACE311 /* FirebaseAnalyticsWithoutAdIdSupport in Frameworks */ = {isa = PBXBuildFile; productRef = 144151752D89C86D00ACE311 /* FirebaseAnalyticsWithoutAdIdSupport */; };
		144151782D89C86D00ACE311 /* FirebaseAppCheck in Frameworks */ = {isa = PBXBuildFile; productRef = 144151772D89C86D00ACE311 /* FirebaseAppCheck */; };
		1441517A2D89C86D00ACE311 /* FirebaseAppDistribution-Beta in Frameworks */ = {isa = PBXBuildFile; productRef = 144151792D89C86D00ACE311 /* FirebaseAppDistribution-Beta */; };
		1441517C2D89C86D00ACE311 /* FirebaseAuth in Frameworks */ = {isa = PBXBuildFile; productRef = 1441517B2D89C86D00ACE311 /* FirebaseAuth */; };
		1441517E2D89C86D00ACE311 /* FirebaseAuthCombine-Community in Frameworks */ = {isa = PBXBuildFile; productRef = 1441517D2D89C86D00ACE311 /* FirebaseAuthCombine-Community */; };
		144151802D89C86D00ACE311 /* FirebaseCore in Frameworks */ = {isa = PBXBuildFile; productRef = 1441517F2D89C86D00ACE311 /* FirebaseCore */; };
		144151822D89C86D00ACE311 /* FirebaseCrashlytics in Frameworks */ = {isa = PBXBuildFile; productRef = 144151812D89C86D00ACE311 /* FirebaseCrashlytics */; };
		144151842D89C86D00ACE311 /* FirebaseDatabase in Frameworks */ = {isa = PBXBuildFile; productRef = 144151832D89C86D00ACE311 /* FirebaseDatabase */; };
		144151862D89C86D00ACE311 /* FirebaseDynamicLinks in Frameworks */ = {isa = PBXBuildFile; productRef = 144151852D89C86D00ACE311 /* FirebaseDynamicLinks */; };
		144151882D89C86D00ACE311 /* FirebaseFirestore in Frameworks */ = {isa = PBXBuildFile; productRef = 144151872D89C86D00ACE311 /* FirebaseFirestore */; };
		1441518A2D89C86D00ACE311 /* FirebaseFirestoreCombine-Community in Frameworks */ = {isa = PBXBuildFile; productRef = 144151892D89C86D00ACE311 /* FirebaseFirestoreCombine-Community */; };
		1441518C2D89C86D00ACE311 /* FirebaseFunctions in Frameworks */ = {isa = PBXBuildFile; productRef = 1441518B2D89C86D00ACE311 /* FirebaseFunctions */; };
		1441518E2D89C86D00ACE311 /* FirebaseFunctionsCombine-Community in Frameworks */ = {isa = PBXBuildFile; productRef = 1441518D2D89C86D00ACE311 /* FirebaseFunctionsCombine-Community */; };
		144151902D89C86D00ACE311 /* FirebaseInAppMessaging-Beta in Frameworks */ = {isa = PBXBuildFile; productRef = 1441518F2D89C86D00ACE311 /* FirebaseInAppMessaging-Beta */; };
		144151922D89C86D00ACE311 /* FirebaseInstallations in Frameworks */ = {isa = PBXBuildFile; productRef = 144151912D89C86D00ACE311 /* FirebaseInstallations */; };
		144151942D89C86D00ACE311 /* FirebaseMLModelDownloader in Frameworks */ = {isa = PBXBuildFile; productRef = 144151932D89C86D00ACE311 /* FirebaseMLModelDownloader */; };
		144151962D89C86D00ACE311 /* FirebaseMessaging in Frameworks */ = {isa = PBXBuildFile; productRef = 144151952D89C86D00ACE311 /* FirebaseMessaging */; };
		144151982D89C86D00ACE311 /* FirebasePerformance in Frameworks */ = {isa = PBXBuildFile; productRef = 144151972D89C86D00ACE311 /* FirebasePerformance */; };
		1441519A2D89C86D00ACE311 /* FirebaseRemoteConfig in Frameworks */ = {isa = PBXBuildFile; productRef = 144151992D89C86D00ACE311 /* FirebaseRemoteConfig */; };
		1441519C2D89C86D00ACE311 /* FirebaseStorage in Frameworks */ = {isa = PBXBuildFile; productRef = 1441519B2D89C86D00ACE311 /* FirebaseStorage */; };
		1441519E2D89C86D00ACE311 /* FirebaseStorageCombine-Community in Frameworks */ = {isa = PBXBuildFile; productRef = 1441519D2D89C86D00ACE311 /* FirebaseStorageCombine-Community */; };
		144151A02D89C86D00ACE311 /* FirebaseVertexAI in Frameworks */ = {isa = PBXBuildFile; productRef = 1441519F2D89C86D00ACE311 /* FirebaseVertexAI */; };
		14536CAE2D8D0FB70005285B /* FlashcardView.swift in Sources */ = {isa = PBXBuildFile; fileRef = 14536CAD2D8D0FB70005285B /* FlashcardView.swift */; };
		14536CB22D8D23B30005285B /* LoginView.swift in Sources */ = {isa = PBXBuildFile; fileRef = 14536CB12D8D23B30005285B /* LoginView.swift */; };
		14536CBF2D9705840005285B /* AuthViewModel.swift in Sources */ = {isa = PBXBuildFile; fileRef = 14536CBE2D9705840005285B /* AuthViewModel.swift */; };
		2D4FDFBE2D77ADE300D53996 /* IOS_Dev_ProjectApp.swift in Sources */ = {isa = PBXBuildFile; fileRef = 2D4FDFBD2D77ADE300D53996 /* IOS_Dev_ProjectApp.swift */; };
		2D4FDFC02D77ADE400D53996 /* ContentView.swift in Sources */ = {isa = PBXBuildFile; fileRef = 2D4FDFBF2D77ADE400D53996 /* ContentView.swift */; };
		2D4FDFC22D77ADE600D53996 /* Assets.xcassets in Resources */ = {isa = PBXBuildFile; fileRef = 2D4FDFC12D77ADE600D53996 /* Assets.xcassets */; };
		2D4FDFC52D77ADE600D53996 /* Preview Assets.xcassets in Resources */ = {isa = PBXBuildFile; fileRef = 2D4FDFC42D77ADE600D53996 /* Preview Assets.xcassets */; };
/* End PBXBuildFile section */

/* Begin PBXFileReference section */
		144151472D7D35A900ACE311 /* Quake_alert.swift */ = {isa = PBXFileReference; fileEncoding = 4; lastKnownFileType = sourcecode.swift; name = Quake_alert.swift; path = "../../../Library/Mobile Documents/com~apple~CloudDocs/Desktop/ios/Quake_alert.swift"; sourceTree = "<group>"; };
		144151492D8889F300ACE311 /* GoogleService-Info.plist */ = {isa = PBXFileReference; lastKnownFileType = text.plist.xml; path = "GoogleService-Info.plist"; sourceTree = "<group>"; };
		14536CAD2D8D0FB70005285B /* FlashcardView.swift */ = {isa = PBXFileReference; lastKnownFileType = sourcecode.swift; path = FlashcardView.swift; sourceTree = "<group>"; };
		14536CB12D8D23B30005285B /* LoginView.swift */ = {isa = PBXFileReference; lastKnownFileType = sourcecode.swift; path = LoginView.swift; sourceTree = "<group>"; };
		14536CBE2D9705840005285B /* AuthViewModel.swift */ = {isa = PBXFileReference; lastKnownFileType = sourcecode.swift; path = AuthViewModel.swift; sourceTree = "<group>"; };
		2D4FDFBA2D77ADE300D53996 /* IOS Dev-Project.app */ = {isa = PBXFileReference; explicitFileType = wrapper.application; includeInIndex = 0; path = "IOS Dev-Project.app"; sourceTree = BUILT_PRODUCTS_DIR; };
		2D4FDFBD2D77ADE300D53996 /* IOS_Dev_ProjectApp.swift */ = {isa = PBXFileReference; lastKnownFileType = sourcecode.swift; path = IOS_Dev_ProjectApp.swift; sourceTree = "<group>"; };
		2D4FDFBF2D77ADE400D53996 /* ContentView.swift */ = {isa = PBXFileReference; lastKnownFileType = sourcecode.swift; path = ContentView.swift; sourceTree = "<group>"; };
		2D4FDFC12D77ADE600D53996 /* Assets.xcassets */ = {isa = PBXFileReference; lastKnownFileType = folder.assetcatalog; path = Assets.xcassets; sourceTree = "<group>"; };
		2D4FDFC42D77ADE600D53996 /* Preview Assets.xcassets */ = {isa = PBXFileReference; lastKnownFileType = folder.assetcatalog; path = "Preview Assets.xcassets"; sourceTree = "<group>"; };
/* End PBXFileReference section */

/* Begin PBXFrameworksBuildPhase section */
		2D4FDFB72D77ADE300D53996 /* Frameworks */ = {
			isa = PBXFrameworksBuildPhase;
			buildActionMask = 2147483647;
			files = (
				144151982D89C86D00ACE311 /* FirebasePerformance in Frameworks */,
				1441517A2D89C86D00ACE311 /* FirebaseAppDistribution-Beta in Frameworks */,
				1441518E2D89C86D00ACE311 /* FirebaseFunctionsCombine-Community in Frameworks */,
				1441517E2D89C86D00ACE311 /* FirebaseAuthCombine-Community in Frameworks */,
				144151422D7BCBA000ACE311 /* FirebaseDatabase in Frameworks */,
				1441519C2D89C86D00ACE311 /* FirebaseStorage in Frameworks */,
				1441518A2D89C86D00ACE311 /* FirebaseFirestoreCombine-Community in Frameworks */,
				144151762D89C86D00ACE311 /* FirebaseAnalyticsWithoutAdIdSupport in Frameworks */,
				144151442D7BCBA000ACE311 /* FirebaseFirestore in Frameworks */,
				144151942D89C86D00ACE311 /* FirebaseMLModelDownloader in Frameworks */,
				144151822D89C86D00ACE311 /* FirebaseCrashlytics in Frameworks */,
				144151A02D89C86D00ACE311 /* FirebaseVertexAI in Frameworks */,
				144151962D89C86D00ACE311 /* FirebaseMessaging in Frameworks */,
				144151922D89C86D00ACE311 /* FirebaseInstallations in Frameworks */,
				144151842D89C86D00ACE311 /* FirebaseDatabase in Frameworks */,
				144151722D89C86D00ACE311 /* FirebaseAnalytics in Frameworks */,
				144151802D89C86D00ACE311 /* FirebaseCore in Frameworks */,
				144151902D89C86D00ACE311 /* FirebaseInAppMessaging-Beta in Frameworks */,
				144151782D89C86D00ACE311 /* FirebaseAppCheck in Frameworks */,
				1441518C2D89C86D00ACE311 /* FirebaseFunctions in Frameworks */,
				1441519A2D89C86D00ACE311 /* FirebaseRemoteConfig in Frameworks */,
				144151742D89C86D00ACE311 /* FirebaseAnalyticsOnDeviceConversion in Frameworks */,
				1441517C2D89C86D00ACE311 /* FirebaseAuth in Frameworks */,
				1441519E2D89C86D00ACE311 /* FirebaseStorageCombine-Community in Frameworks */,
				144151862D89C86D00ACE311 /* FirebaseDynamicLinks in Frameworks */,
				144151882D89C86D00ACE311 /* FirebaseFirestore in Frameworks */,
			);
			runOnlyForDeploymentPostprocessing = 0;
		};
/* End PBXFrameworksBuildPhase section */

/* Begin PBXGroup section */
		2D4FDFB12D77ADE300D53996 = {
			isa = PBXGroup;
			children = (
				2D4FDFBC2D77ADE300D53996 /* IOS Dev-Project */,
				2D4FDFBB2D77ADE300D53996 /* Products */,
			);
			sourceTree = "<group>";
		};
		2D4FDFBB2D77ADE300D53996 /* Products */ = {
			isa = PBXGroup;
			children = (
				2D4FDFBA2D77ADE300D53996 /* IOS Dev-Project.app */,
			);
			name = Products;
			sourceTree = "<group>";
		};
		2D4FDFBC2D77ADE300D53996 /* IOS Dev-Project */ = {
			isa = PBXGroup;
			children = (
				144151492D8889F300ACE311 /* GoogleService-Info.plist */,
				2D4FDFBD2D77ADE300D53996 /* IOS_Dev_ProjectApp.swift */,
				14536CBE2D9705840005285B /* AuthViewModel.swift */,
				14536CB12D8D23B30005285B /* LoginView.swift */,
				144151472D7D35A900ACE311 /* Quake_alert.swift */,
				2D4FDFBF2D77ADE400D53996 /* ContentView.swift */,
				14536CAD2D8D0FB70005285B /* FlashcardView.swift */,
				2D4FDFC12D77ADE600D53996 /* Assets.xcassets */,
				2D4FDFC32D77ADE600D53996 /* Preview Content */,
			);
			path = "IOS Dev-Project";
			sourceTree = "<group>";
		};
		2D4FDFC32D77ADE600D53996 /* Preview Content */ = {
			isa = PBXGroup;
			children = (
				2D4FDFC42D77ADE600D53996 /* Preview Assets.xcassets */,
			);
			path = "Preview Content";
			sourceTree = "<group>";
		};
/* End PBXGroup section */

/* Begin PBXNativeTarget section */
		2D4FDFB92D77ADE300D53996 /* IOS Dev-Project */ = {
			isa = PBXNativeTarget;
			buildConfigurationList = 2D4FDFC82D77ADE600D53996 /* Build configuration list for PBXNativeTarget "IOS Dev-Project" */;
			buildPhases = (
				2D4FDFB62D77ADE300D53996 /* Sources */,
				2D4FDFB72D77ADE300D53996 /* Frameworks */,
				2D4FDFB82D77ADE300D53996 /* Resources */,
			);
			buildRules = (
			);
			dependencies = (
			);
			name = "IOS Dev-Project";
			productName = "IOS Dev-Project";
			productReference = 2D4FDFBA2D77ADE300D53996 /* IOS Dev-Project.app */;
			productType = "com.apple.product-type.application";
		};
/* End PBXNativeTarget section */

/* Begin PBXProject section */
		2D4FDFB22D77ADE300D53996 /* Project object */ = {
			isa = PBXProject;
			attributes = {
				BuildIndependentTargetsInParallel = 1;
				LastSwiftUpdateCheck = 1510;
				LastUpgradeCheck = 1510;
				TargetAttributes = {
					2D4FDFB92D77ADE300D53996 = {
						CreatedOnToolsVersion = 15.1;
					};
				};
			};
			buildConfigurationList = 2D4FDFB52D77ADE300D53996 /* Build configuration list for PBXProject "IOS Dev-Project" */;
			compatibilityVersion = "Xcode 14.0";
			developmentRegion = en;
			hasScannedForEncodings = 0;
			knownRegions = (
				en,
				Base,
			);
			mainGroup = 2D4FDFB12D77ADE300D53996;
			packageReferences = (
				144151402D7BCBA000ACE311 /* XCRemoteSwiftPackageReference "firebase-ios-sdk" */,
			);
			productRefGroup = 2D4FDFBB2D77ADE300D53996 /* Products */;
			projectDirPath = "";
			projectRoot = "";
			targets = (
				2D4FDFB92D77ADE300D53996 /* IOS Dev-Project */,
			);
		};
/* End PBXProject section */

/* Begin PBXResourcesBuildPhase section */
		2D4FDFB82D77ADE300D53996 /* Resources */ = {
			isa = PBXResourcesBuildPhase;
			buildActionMask = 2147483647;
			files = (
				2D4FDFC52D77ADE600D53996 /* Preview Assets.xcassets in Resources */,
				2D4FDFC22D77ADE600D53996 /* Assets.xcassets in Resources */,
				1441514A2D8889F300ACE311 /* GoogleService-Info.plist in Resources */,
			);
			runOnlyForDeploymentPostprocessing = 0;
		};
/* End PBXResourcesBuildPhase section */

/* Begin PBXSourcesBuildPhase section */
		2D4FDFB62D77ADE300D53996 /* Sources */ = {
			isa = PBXSourcesBuildPhase;
			buildActionMask = 2147483647;
			files = (
				2D4FDFC02D77ADE400D53996 /* ContentView.swift in Sources */,
				14536CAE2D8D0FB70005285B /* FlashcardView.swift in Sources */,
				14536CBF2D9705840005285B /* AuthViewModel.swift in Sources */,
				2D4FDFBE2D77ADE300D53996 /* IOS_Dev_ProjectApp.swift in Sources */,
				14536CB22D8D23B30005285B /* LoginView.swift in Sources */,
				144151482D7D35A900ACE311 /* Quake_alert.swift in Sources */,
			);
			runOnlyForDeploymentPostprocessing = 0;
		};
/* End PBXSourcesBuildPhase section */

/* Begin XCBuildConfiguration section */
		2D4FDFC62D77ADE600D53996 /* Debug */ = {
			isa = XCBuildConfiguration;
			buildSettings = {
				ALWAYS_SEARCH_USER_PATHS = NO;
				ASSETCATALOG_COMPILER_GENERATE_SWIFT_ASSET_SYMBOL_EXTENSIONS = YES;
				CLANG_ANALYZER_NONNULL = YES;
				CLANG_ANALYZER_NUMBER_OBJECT_CONVERSION = YES_AGGRESSIVE;
				CLANG_CXX_LANGUAGE_STANDARD = "gnu++20";
				CLANG_ENABLE_MODULES = YES;
				CLANG_ENABLE_OBJC_ARC = YES;
				CLANG_ENABLE_OBJC_WEAK = YES;
				CLANG_WARN_BLOCK_CAPTURE_AUTORELEASING = YES;
				CLANG_WARN_BOOL_CONVERSION = YES;
				CLANG_WARN_COMMA = YES;
				CLANG_WARN_CONSTANT_CONVERSION = YES;
				CLANG_WARN_DEPRECATED_OBJC_IMPLEMENTATIONS = YES;
				CLANG_WARN_DIRECT_OBJC_ISA_USAGE = YES_ERROR;
				CLANG_WARN_DOCUMENTATION_COMMENTS = YES;
				CLANG_WARN_EMPTY_BODY = YES;
				CLANG_WARN_ENUM_CONVERSION = YES;
				CLANG_WARN_INFINITE_RECURSION = YES;
				CLANG_WARN_INT_CONVERSION = YES;
				CLANG_WARN_NON_LITERAL_NULL_CONVERSION = YES;
				CLANG_WARN_OBJC_IMPLICIT_RETAIN_SELF = YES;
				CLANG_WARN_OBJC_LITERAL_CONVERSION = YES;
				CLANG_WARN_OBJC_ROOT_CLASS = YES_ERROR;
				CLANG_WARN_QUOTED_INCLUDE_IN_FRAMEWORK_HEADER = YES;
				CLANG_WARN_RANGE_LOOP_ANALYSIS = YES;
				CLANG_WARN_STRICT_PROTOTYPES = YES;
				CLANG_WARN_SUSPICIOUS_MOVE = YES;
				CLANG_WARN_UNGUARDED_AVAILABILITY = YES_AGGRESSIVE;
				CLANG_WARN_UNREACHABLE_CODE = YES;
				CLANG_WARN__DUPLICATE_METHOD_MATCH = YES;
				COPY_PHASE_STRIP = NO;
				DEBUG_INFORMATION_FORMAT = dwarf;
				ENABLE_STRICT_OBJC_MSGSEND = YES;
				ENABLE_TESTABILITY = YES;
				ENABLE_USER_SCRIPT_SANDBOXING = YES;
				GCC_C_LANGUAGE_STANDARD = gnu17;
				GCC_DYNAMIC_NO_PIC = NO;
				GCC_NO_COMMON_BLOCKS = YES;
				GCC_OPTIMIZATION_LEVEL = 0;
				GCC_PREPROCESSOR_DEFINITIONS = (
					"DEBUG=1",
					"$(inherited)",
				);
				GCC_WARN_64_TO_32_BIT_CONVERSION = YES;
				GCC_WARN_ABOUT_RETURN_TYPE = YES_ERROR;
				GCC_WARN_UNDECLARED_SELECTOR = YES;
				GCC_WARN_UNINITIALIZED_AUTOS = YES_AGGRESSIVE;
				GCC_WARN_UNUSED_FUNCTION = YES;
				GCC_WARN_UNUSED_VARIABLE = YES;
				IPHONEOS_DEPLOYMENT_TARGET = 17.2;
				LOCALIZATION_PREFERS_STRING_CATALOGS = YES;
				MTL_ENABLE_DEBUG_INFO = INCLUDE_SOURCE;
				MTL_FAST_MATH = YES;
				ONLY_ACTIVE_ARCH = YES;
				SDKROOT = iphoneos;
				SWIFT_ACTIVE_COMPILATION_CONDITIONS = "DEBUG $(inherited)";
				SWIFT_OPTIMIZATION_LEVEL = "-Onone";
			};
			name = Debug;
		};
		2D4FDFC72D77ADE600D53996 /* Release */ = {
			isa = XCBuildConfiguration;
			buildSettings = {
				ALWAYS_SEARCH_USER_PATHS = NO;
				ASSETCATALOG_COMPILER_GENERATE_SWIFT_ASSET_SYMBOL_EXTENSIONS = YES;
				CLANG_ANALYZER_NONNULL = YES;
				CLANG_ANALYZER_NUMBER_OBJECT_CONVERSION = YES_AGGRESSIVE;
				CLANG_CXX_LANGUAGE_STANDARD = "gnu++20";
				CLANG_ENABLE_MODULES = YES;
				CLANG_ENABLE_OBJC_ARC = YES;
				CLANG_ENABLE_OBJC_WEAK = YES;
				CLANG_WARN_BLOCK_CAPTURE_AUTORELEASING = YES;
				CLANG_WARN_BOOL_CONVERSION = YES;
				CLANG_WARN_COMMA = YES;
				CLANG_WARN_CONSTANT_CONVERSION = YES;
				CLANG_WARN_DEPRECATED_OBJC_IMPLEMENTATIONS = YES;
				CLANG_WARN_DIRECT_OBJC_ISA_USAGE = YES_ERROR;
				CLANG_WARN_DOCUMENTATION_COMMENTS = YES;
				CLANG_WARN_EMPTY_BODY = YES;
				CLANG_WARN_ENUM_CONVERSION = YES;
				CLANG_WARN_INFINITE_RECURSION = YES;
				CLANG_WARN_INT_CONVERSION = YES;
				CLANG_WARN_NON_LITERAL_NULL_CONVERSION = YES;
				CLANG_WARN_OBJC_IMPLICIT_RETAIN_SELF = YES;
				CLANG_WARN_OBJC_LITERAL_CONVERSION = YES;
				CLANG_WARN_OBJC_ROOT_CLASS = YES_ERROR;
				CLANG_WARN_QUOTED_INCLUDE_IN_FRAMEWORK_HEADER = YES;
				CLANG_WARN_RANGE_LOOP_ANALYSIS = YES;
				CLANG_WARN_STRICT_PROTOTYPES = YES;
				CLANG_WARN_SUSPICIOUS_MOVE = YES;
				CLANG_WARN_UNGUARDED_AVAILABILITY = YES_AGGRESSIVE;
				CLANG_WARN_UNREACHABLE_CODE = YES;
				CLANG_WARN__DUPLICATE_METHOD_MATCH = YES;
				COPY_PHASE_STRIP = NO;
				DEBUG_INFORMATION_FORMAT = "dwarf-with-dsym";
				ENABLE_NS_ASSERTIONS = NO;
				ENABLE_STRICT_OBJC_MSGSEND = YES;
				ENABLE_USER_SCRIPT_SANDBOXING = YES;
				GCC_C_LANGUAGE_STANDARD = gnu17;
				GCC_NO_COMMON_BLOCKS = YES;
				GCC_WARN_64_TO_32_BIT_CONVERSION = YES;
				GCC_WARN_ABOUT_RETURN_TYPE = YES_ERROR;
				GCC_WARN_UNDECLARED_SELECTOR = YES;
				GCC_WARN_UNINITIALIZED_AUTOS = YES_AGGRESSIVE;
				GCC_WARN_UNUSED_FUNCTION = YES;
				GCC_WARN_UNUSED_VARIABLE = YES;
				IPHONEOS_DEPLOYMENT_TARGET = 17.2;
				LOCALIZATION_PREFERS_STRING_CATALOGS = YES;
				MTL_ENABLE_DEBUG_INFO = NO;
				MTL_FAST_MATH = YES;
				SDKROOT = iphoneos;
				SWIFT_COMPILATION_MODE = wholemodule;
				VALIDATE_PRODUCT = YES;
			};
			name = Release;
		};
		2D4FDFC92D77ADE600D53996 /* Debug */ = {
			isa = XCBuildConfiguration;
			buildSettings = {
				ASSETCATALOG_COMPILER_APPICON_NAME = AppIcon;
				ASSETCATALOG_COMPILER_GLOBAL_ACCENT_COLOR_NAME = AccentColor;
				CODE_SIGN_STYLE = Automatic;
				CURRENT_PROJECT_VERSION = 1;
				DEVELOPMENT_ASSET_PATHS = "\"IOS Dev-Project/Preview Content\"";
				DEVELOPMENT_TEAM = 9KT6G3XJ38;
				ENABLE_PREVIEWS = YES;
				GENERATE_INFOPLIST_FILE = YES;
				INFOPLIST_KEY_UIApplicationSceneManifest_Generation = YES;
				INFOPLIST_KEY_UIApplicationSupportsIndirectInputEvents = YES;
				INFOPLIST_KEY_UILaunchScreen_Generation = YES;
				INFOPLIST_KEY_UISupportedInterfaceOrientations_iPad = "UIInterfaceOrientationPortrait UIInterfaceOrientationPortraitUpsideDown UIInterfaceOrientationLandscapeLeft UIInterfaceOrientationLandscapeRight";
				INFOPLIST_KEY_UISupportedInterfaceOrientations_iPhone = "UIInterfaceOrientationPortrait UIInterfaceOrientationLandscapeLeft UIInterfaceOrientationLandscapeRight";
				LD_RUNPATH_SEARCH_PATHS = (
					"$(inherited)",
					"@executable_path/Frameworks",
				);
				MARKETING_VERSION = 1.0;
				PRODUCT_BUNDLE_IDENTIFIER = "unh.IOS-Dev-Project";
				PRODUCT_NAME = "$(TARGET_NAME)";
				SWIFT_EMIT_LOC_STRINGS = YES;
				SWIFT_VERSION = 5.0;
				TARGETED_DEVICE_FAMILY = "1,2";
			};
			name = Debug;
		};
		2D4FDFCA2D77ADE600D53996 /* Release */ = {
			isa = XCBuildConfiguration;
			buildSettings = {
				ASSETCATALOG_COMPILER_APPICON_NAME = AppIcon;
				ASSETCATALOG_COMPILER_GLOBAL_ACCENT_COLOR_NAME = AccentColor;
				CODE_SIGN_STYLE = Automatic;
				CURRENT_PROJECT_VERSION = 1;
				DEVELOPMENT_ASSET_PATHS = "\"IOS Dev-Project/Preview Content\"";
				DEVELOPMENT_TEAM = 9KT6G3XJ38;
				ENABLE_PREVIEWS = YES;
				GENERATE_INFOPLIST_FILE = YES;
				INFOPLIST_KEY_UIApplicationSceneManifest_Generation = YES;
				INFOPLIST_KEY_UIApplicationSupportsIndirectInputEvents = YES;
				INFOPLIST_KEY_UILaunchScreen_Generation = YES;
				INFOPLIST_KEY_UISupportedInterfaceOrientations_iPad = "UIInterfaceOrientationPortrait UIInterfaceOrientationPortraitUpsideDown UIInterfaceOrientationLandscapeLeft UIInterfaceOrientationLandscapeRight";
				INFOPLIST_KEY_UISupportedInterfaceOrientations_iPhone = "UIInterfaceOrientationPortrait UIInterfaceOrientationLandscapeLeft UIInterfaceOrientationLandscapeRight";
				LD_RUNPATH_SEARCH_PATHS = (
					"$(inherited)",
					"@executable_path/Frameworks",
				);
				MARKETING_VERSION = 1.0;
				PRODUCT_BUNDLE_IDENTIFIER = "unh.IOS-Dev-Project";
				PRODUCT_NAME = "$(TARGET_NAME)";
				SWIFT_EMIT_LOC_STRINGS = YES;
				SWIFT_VERSION = 5.0;
				TARGETED_DEVICE_FAMILY = "1,2";
			};
			name = Release;
		};
/* End XCBuildConfiguration section */

/* Begin XCConfigurationList section */
		2D4FDFB52D77ADE300D53996 /* Build configuration list for PBXProject "IOS Dev-Project" */ = {
			isa = XCConfigurationList;
			buildConfigurations = (
				2D4FDFC62D77ADE600D53996 /* Debug */,
				2D4FDFC72D77ADE600D53996 /* Release */,
			);
			defaultConfigurationIsVisible = 0;
			defaultConfigurationName = Release;
		};
		2D4FDFC82D77ADE600D53996 /* Build configuration list for PBXNativeTarget "IOS Dev-Project" */ = {
			isa = XCConfigurationList;
			buildConfigurations = (
				2D4FDFC92D77ADE600D53996 /* Debug */,
				2D4FDFCA2D77ADE600D53996 /* Release */,
			);
			defaultConfigurationIsVisible = 0;
			defaultConfigurationName = Release;
		};
/* End XCConfigurationList section */

/* Begin XCRemoteSwiftPackageReference section */
		144151402D7BCBA000ACE311 /* XCRemoteSwiftPackageReference "firebase-ios-sdk" */ = {
			isa = XCRemoteSwiftPackageReference;
			repositoryURL = "https://github.com/firebase/firebase-ios-sdk";
			requirement = {
				kind = upToNextMajorVersion;
				minimumVersion = 11.9.0;
			};
		};
/* End XCRemoteSwiftPackageReference section */

/* Begin XCSwiftPackageProductDependency section */
		144151412D7BCBA000ACE311 /* FirebaseDatabase */ = {
			isa = XCSwiftPackageProductDependency;
			package = 144151402D7BCBA000ACE311 /* XCRemoteSwiftPackageReference "firebase-ios-sdk" */;
			productName = FirebaseDatabase;
		};
		144151432D7BCBA000ACE311 /* FirebaseFirestore */ = {
			isa = XCSwiftPackageProductDependency;
			package = 144151402D7BCBA000ACE311 /* XCRemoteSwiftPackageReference "firebase-ios-sdk" */;
			productName = FirebaseFirestore;
		};
		144151712D89C86D00ACE311 /* FirebaseAnalytics */ = {
			isa = XCSwiftPackageProductDependency;
			package = 144151402D7BCBA000ACE311 /* XCRemoteSwiftPackageReference "firebase-ios-sdk" */;
			productName = FirebaseAnalytics;
		};
		144151732D89C86D00ACE311 /* FirebaseAnalyticsOnDeviceConversion */ = {
			isa = XCSwiftPackageProductDependency;
			package = 144151402D7BCBA000ACE311 /* XCRemoteSwiftPackageReference "firebase-ios-sdk" */;
			productName = FirebaseAnalyticsOnDeviceConversion;
		};
		144151752D89C86D00ACE311 /* FirebaseAnalyticsWithoutAdIdSupport */ = {
			isa = XCSwiftPackageProductDependency;
			package = 144151402D7BCBA000ACE311 /* XCRemoteSwiftPackageReference "firebase-ios-sdk" */;
			productName = FirebaseAnalyticsWithoutAdIdSupport;
		};
		144151772D89C86D00ACE311 /* FirebaseAppCheck */ = {
			isa = XCSwiftPackageProductDependency;
			package = 144151402D7BCBA000ACE311 /* XCRemoteSwiftPackageReference "firebase-ios-sdk" */;
			productName = FirebaseAppCheck;
		};
		144151792D89C86D00ACE311 /* FirebaseAppDistribution-Beta */ = {
			isa = XCSwiftPackageProductDependency;
			package = 144151402D7BCBA000ACE311 /* XCRemoteSwiftPackageReference "firebase-ios-sdk" */;
			productName = "FirebaseAppDistribution-Beta";
		};
		1441517B2D89C86D00ACE311 /* FirebaseAuth */ = {
			isa = XCSwiftPackageProductDependency;
			package = 144151402D7BCBA000ACE311 /* XCRemoteSwiftPackageReference "firebase-ios-sdk" */;
			productName = FirebaseAuth;
		};
		1441517D2D89C86D00ACE311 /* FirebaseAuthCombine-Community */ = {
			isa = XCSwiftPackageProductDependency;
			package = 144151402D7BCBA000ACE311 /* XCRemoteSwiftPackageReference "firebase-ios-sdk" */;
			productName = "FirebaseAuthCombine-Community";
		};
		1441517F2D89C86D00ACE311 /* FirebaseCore */ = {
			isa = XCSwiftPackageProductDependency;
			package = 144151402D7BCBA000ACE311 /* XCRemoteSwiftPackageReference "firebase-ios-sdk" */;
			productName = FirebaseCore;
		};
		144151812D89C86D00ACE311 /* FirebaseCrashlytics */ = {
			isa = XCSwiftPackageProductDependency;
			package = 144151402D7BCBA000ACE311 /* XCRemoteSwiftPackageReference "firebase-ios-sdk" */;
			productName = FirebaseCrashlytics;
		};
		144151832D89C86D00ACE311 /* FirebaseDatabase */ = {
			isa = XCSwiftPackageProductDependency;
			package = 144151402D7BCBA000ACE311 /* XCRemoteSwiftPackageReference "firebase-ios-sdk" */;
			productName = FirebaseDatabase;
		};
		144151852D89C86D00ACE311 /* FirebaseDynamicLinks */ = {
			isa = XCSwiftPackageProductDependency;
			package = 144151402D7BCBA000ACE311 /* XCRemoteSwiftPackageReference "firebase-ios-sdk" */;
			productName = FirebaseDynamicLinks;
		};
		144151872D89C86D00ACE311 /* FirebaseFirestore */ = {
			isa = XCSwiftPackageProductDependency;
			package = 144151402D7BCBA000ACE311 /* XCRemoteSwiftPackageReference "firebase-ios-sdk" */;
			productName = FirebaseFirestore;
		};
		144151892D89C86D00ACE311 /* FirebaseFirestoreCombine-Community */ = {
			isa = XCSwiftPackageProductDependency;
			package = 144151402D7BCBA000ACE311 /* XCRemoteSwiftPackageReference "firebase-ios-sdk" */;
			productName = "FirebaseFirestoreCombine-Community";
		};
		1441518B2D89C86D00ACE311 /* FirebaseFunctions */ = {
			isa = XCSwiftPackageProductDependency;
			package = 144151402D7BCBA000ACE311 /* XCRemoteSwiftPackageReference "firebase-ios-sdk" */;
			productName = FirebaseFunctions;
		};
		1441518D2D89C86D00ACE311 /* FirebaseFunctionsCombine-Community */ = {
			isa = XCSwiftPackageProductDependency;
			package = 144151402D7BCBA000ACE311 /* XCRemoteSwiftPackageReference "firebase-ios-sdk" */;
			productName = "FirebaseFunctionsCombine-Community";
		};
		1441518F2D89C86D00ACE311 /* FirebaseInAppMessaging-Beta */ = {
			isa = XCSwiftPackageProductDependency;
			package = 144151402D7BCBA000ACE311 /* XCRemoteSwiftPackageReference "firebase-ios-sdk" */;
			productName = "FirebaseInAppMessaging-Beta";
		};
		144151912D89C86D00ACE311 /* FirebaseInstallations */ = {
			isa = XCSwiftPackageProductDependency;
			package = 144151402D7BCBA000ACE311 /* XCRemoteSwiftPackageReference "firebase-ios-sdk" */;
			productName = FirebaseInstallations;
		};
		144151932D89C86D00ACE311 /* FirebaseMLModelDownloader */ = {
			isa = XCSwiftPackageProductDependency;
			package = 144151402D7BCBA000ACE311 /* XCRemoteSwiftPackageReference "firebase-ios-sdk" */;
			productName = FirebaseMLModelDownloader;
		};
		144151952D89C86D00ACE311 /* FirebaseMessaging */ = {
			isa = XCSwiftPackageProductDependency;
			package = 144151402D7BCBA000ACE311 /* XCRemoteSwiftPackageReference "firebase-ios-sdk" */;
			productName = FirebaseMessaging;
		};
		144151972D89C86D00ACE311 /* FirebasePerformance */ = {
			isa = XCSwiftPackageProductDependency;
			package = 144151402D7BCBA000ACE311 /* XCRemoteSwiftPackageReference "firebase-ios-sdk" */;
			productName = FirebasePerformance;
		};
		144151992D89C86D00ACE311 /* FirebaseRemoteConfig */ = {
			isa = XCSwiftPackageProductDependency;
			package = 144151402D7BCBA000ACE311 /* XCRemoteSwiftPackageReference "firebase-ios-sdk" */;
			productName = FirebaseRemoteConfig;
		};
		1441519B2D89C86D00ACE311 /* FirebaseStorage */ = {
			isa = XCSwiftPackageProductDependency;
			package = 144151402D7BCBA000ACE311 /* XCRemoteSwiftPackageReference "firebase-ios-sdk" */;
			productName = FirebaseStorage;
		};
		1441519D2D89C86D00ACE311 /* FirebaseStorageCombine-Community */ = {
			isa = XCSwiftPackageProductDependency;
			package = 144151402D7BCBA000ACE311 /* XCRemoteSwiftPackageReference "firebase-ios-sdk" */;
			productName = "FirebaseStorageCombine-Community";
		};
		1441519F2D89C86D00ACE311 /* FirebaseVertexAI */ = {
			isa = XCSwiftPackageProductDependency;
			package = 144151402D7BCBA000ACE311 /* XCRemoteSwiftPackageReference "firebase-ios-sdk" */;
			productName = FirebaseVertexAI;
		};
/* End XCSwiftPackageProductDependency section */
	};
	rootObject = 2D4FDFB22D77ADE300D53996 /* Project object */;
}
